// !$*UTF8*$!
{
	archiveVersion = 1;
	classes = {
	};
	objectVersion = 77;
	objects = {

/* Begin PBXBuildFile section */
		1123C85E2D1BD28000A6272C /* FirebaseAuth in Frameworks */ = {isa = PBXBuildFile; productRef = 1123C85D2D1BD28000A6272C /* FirebaseAuth */; };
		1123C8602D1BD28000A6272C /* FirebaseCore in Frameworks */ = {isa = PBXBuildFile; productRef = 1123C85F2D1BD28000A6272C /* FirebaseCore */; };
		1123C8622D1BD28000A6272C /* FirebaseFirestore in Frameworks */ = {isa = PBXBuildFile; productRef = 1123C8612D1BD28000A6272C /* FirebaseFirestore */; };
/* End PBXBuildFile section */

/* Begin PBXContainerItemProxy section */
		1123C82D2D1BC31400A6272C /* PBXContainerItemProxy */ = {
			isa = PBXContainerItemProxy;
			containerPortal = 1123C80B2D1BC30A00A6272C /* Project object */;
			proxyType = 1;
			remoteGlobalIDString = 1123C8122D1BC30A00A6272C;
			remoteInfo = FireToDo;
		};
		1123C8372D1BC31400A6272C /* PBXContainerItemProxy */ = {
			isa = PBXContainerItemProxy;
			containerPortal = 1123C80B2D1BC30A00A6272C /* Project object */;
			proxyType = 1;
			remoteGlobalIDString = 1123C8122D1BC30A00A6272C;
			remoteInfo = FireToDo;
		};
/* End PBXContainerItemProxy section */

/* Begin PBXFileReference section */
		1123C8132D1BC30A00A6272C /* FireToDo.app */ = {isa = PBXFileReference; explicitFileType = wrapper.application; includeInIndex = 0; path = FireToDo.app; sourceTree = BUILT_PRODUCTS_DIR; };
		1123C82C2D1BC31400A6272C /* FireToDoTests.xctest */ = {isa = PBXFileReference; explicitFileType = wrapper.cfbundle; includeInIndex = 0; path = FireToDoTests.xctest; sourceTree = BUILT_PRODUCTS_DIR; };
		1123C8362D1BC31400A6272C /* FireToDoUITests.xctest */ = {isa = PBXFileReference; explicitFileType = wrapper.cfbundle; includeInIndex = 0; path = FireToDoUITests.xctest; sourceTree = BUILT_PRODUCTS_DIR; };
/* End PBXFileReference section */

/* Begin PBXFileSystemSynchronizedBuildFileExceptionSet section */
		1123C83E2D1BC31400A6272C /* Exceptions for "FireToDo" folder in "FireToDo" target */ = {
			isa = PBXFileSystemSynchronizedBuildFileExceptionSet;
			membershipExceptions = (
				Info.plist,
			);
			target = 1123C8122D1BC30A00A6272C /* FireToDo */;
		};
/* End PBXFileSystemSynchronizedBuildFileExceptionSet section */

/* Begin PBXFileSystemSynchronizedRootGroup section */
		1123C8152D1BC30A00A6272C /* FireToDo */ = {
			isa = PBXFileSystemSynchronizedRootGroup;
			exceptions = (
				1123C83E2D1BC31400A6272C /* Exceptions for "FireToDo" folder in "FireToDo" target */,
			);
			path = FireToDo;
			sourceTree = "<group>";
		};
		1123C82F2D1BC31400A6272C /* FireToDoTests */ = {
			isa = PBXFileSystemSynchronizedRootGroup;
			path = FireToDoTests;
			sourceTree = "<group>";
		};
		1123C8392D1BC31400A6272C /* FireToDoUITests */ = {
			isa = PBXFileSystemSynchronizedRootGroup;
			path = FireToDoUITests;
			sourceTree = "<group>";
		};
/* End PBXFileSystemSynchronizedRootGroup section */

/* Begin PBXFrameworksBuildPhase section */
		1123C8102D1BC30A00A6272C /* Frameworks */ = {
			isa = PBXFrameworksBuildPhase;
			buildActionMask = 2147483647;
			files = (
				1123C8602D1BD28000A6272C /* FirebaseCore in Frameworks */,
				1123C85E2D1BD28000A6272C /* FirebaseAuth in Frameworks */,
				1123C8622D1BD28000A6272C /* FirebaseFirestore in Frameworks */,
			);
			runOnlyForDeploymentPostprocessing = 0;
		};
		1123C8292D1BC31400A6272C /* Frameworks */ = {
			isa = PBXFrameworksBuildPhase;
			buildActionMask = 2147483647;
			files = (
			);
			runOnlyForDeploymentPostprocessing = 0;
		};
		1123C8332D1BC31400A6272C /* Frameworks */ = {
			isa = PBXFrameworksBuildPhase;
			buildActionMask = 2147483647;
			files = (
			);
			runOnlyForDeploymentPostprocessing = 0;
		};
/* End PBXFrameworksBuildPhase section */

/* Begin PBXGroup section */
		1123C80A2D1BC30A00A6272C = {
			isa = PBXGroup;
			children = (
				1123C8152D1BC30A00A6272C /* FireToDo */,
				1123C82F2D1BC31400A6272C /* FireToDoTests */,
				1123C8392D1BC31400A6272C /* FireToDoUITests */,
				1123C84D2D1BC7AF00A6272C /* Frameworks */,
				1123C8142D1BC30A00A6272C /* Products */,
			);
			sourceTree = "<group>";
		};
		1123C8142D1BC30A00A6272C /* Products */ = {
			isa = PBXGroup;
			children = (
				1123C8132D1BC30A00A6272C /* FireToDo.app */,
				1123C82C2D1BC31400A6272C /* FireToDoTests.xctest */,
				1123C8362D1BC31400A6272C /* FireToDoUITests.xctest */,
			);
			name = Products;
			sourceTree = "<group>";
		};
		1123C84D2D1BC7AF00A6272C /* Frameworks */ = {
			isa = PBXGroup;
			children = (
			);
			name = Frameworks;
			sourceTree = "<group>";
		};
/* End PBXGroup section */

/* Begin PBXNativeTarget section */
		1123C8122D1BC30A00A6272C /* FireToDo */ = {
			isa = PBXNativeTarget;
			buildConfigurationList = 1123C83F2D1BC31400A6272C /* Build configuration list for PBXNativeTarget "FireToDo" */;
			buildPhases = (
				1123C80F2D1BC30A00A6272C /* Sources */,
				1123C8102D1BC30A00A6272C /* Frameworks */,
				1123C8112D1BC30A00A6272C /* Resources */,
			);
			buildRules = (
			);
			dependencies = (
			);
			fileSystemSynchronizedGroups = (
				1123C8152D1BC30A00A6272C /* FireToDo */,
			);
			name = FireToDo;
			packageProductDependencies = (
				1123C85D2D1BD28000A6272C /* FirebaseAuth */,
				1123C85F2D1BD28000A6272C /* FirebaseCore */,
				1123C8612D1BD28000A6272C /* FirebaseFirestore */,
			);
			productName = FireToDo;
			productReference = 1123C8132D1BC30A00A6272C /* FireToDo.app */;
			productType = "com.apple.product-type.application";
		};
		1123C82B2D1BC31400A6272C /* FireToDoTests */ = {
			isa = PBXNativeTarget;
			buildConfigurationList = 1123C8442D1BC31400A6272C /* Build configuration list for PBXNativeTarget "FireToDoTests" */;
			buildPhases = (
				1123C8282D1BC31400A6272C /* Sources */,
				1123C8292D1BC31400A6272C /* Frameworks */,
				1123C82A2D1BC31400A6272C /* Resources */,
			);
			buildRules = (
			);
			dependencies = (
				1123C82E2D1BC31400A6272C /* PBXTargetDependency */,
			);
			fileSystemSynchronizedGroups = (
				1123C82F2D1BC31400A6272C /* FireToDoTests */,
			);
			name = FireToDoTests;
			packageProductDependencies = (
			);
			productName = FireToDoTests;
			productReference = 1123C82C2D1BC31400A6272C /* FireToDoTests.xctest */;
			productType = "com.apple.product-type.bundle.unit-test";
		};
		1123C8352D1BC31400A6272C /* FireToDoUITests */ = {
			isa = PBXNativeTarget;
			buildConfigurationList = 1123C8472D1BC31400A6272C /* Build configuration list for PBXNativeTarget "FireToDoUITests" */;
			buildPhases = (
				1123C8322D1BC31400A6272C /* Sources */,
				1123C8332D1BC31400A6272C /* Frameworks */,
				1123C8342D1BC31400A6272C /* Resources */,
			);
			buildRules = (
			);
			dependencies = (
				1123C8382D1BC31400A6272C /* PBXTargetDependency */,
			);
			fileSystemSynchronizedGroups = (
				1123C8392D1BC31400A6272C /* FireToDoUITests */,
			);
			name = FireToDoUITests;
			packageProductDependencies = (
			);
			productName = FireToDoUITests;
			productReference = 1123C8362D1BC31400A6272C /* FireToDoUITests.xctest */;
			productType = "com.apple.product-type.bundle.ui-testing";
		};
/* End PBXNativeTarget section */

/* Begin PBXProject section */
		1123C80B2D1BC30A00A6272C /* Project object */ = {
			isa = PBXProject;
			attributes = {
				BuildIndependentTargetsInParallel = 1;
				LastSwiftUpdateCheck = 1610;
				LastUpgradeCheck = 1610;
				TargetAttributes = {
					1123C8122D1BC30A00A6272C = {
						CreatedOnToolsVersion = 16.1;
					};
					1123C82B2D1BC31400A6272C = {
						CreatedOnToolsVersion = 16.1;
						TestTargetID = 1123C8122D1BC30A00A6272C;
					};
					1123C8352D1BC31400A6272C = {
						CreatedOnToolsVersion = 16.1;
						TestTargetID = 1123C8122D1BC30A00A6272C;
					};
				};
			};
			buildConfigurationList = 1123C80E2D1BC30A00A6272C /* Build configuration list for PBXProject "FireToDo" */;
			developmentRegion = en;
			hasScannedForEncodings = 0;
			knownRegions = (
				en,
				Base,
			);
			mainGroup = 1123C80A2D1BC30A00A6272C;
			minimizedProjectReferenceProxies = 1;
			packageReferences = (
				1123C85C2D1BD28000A6272C /* XCRemoteSwiftPackageReference "firebase-ios-sdk" */,
			);
			preferredProjectObjectVersion = 77;
			productRefGroup = 1123C8142D1BC30A00A6272C /* Products */;
			projectDirPath = "";
			projectRoot = "";
			targets = (
				1123C8122D1BC30A00A6272C /* FireToDo */,
				1123C82B2D1BC31400A6272C /* FireToDoTests */,
				1123C8352D1BC31400A6272C /* FireToDoUITests */,
			);
		};
/* End PBXProject section */

/* Begin PBXResourcesBuildPhase section */
		1123C8112D1BC30A00A6272C /* Resources */ = {
			isa = PBXResourcesBuildPhase;
			buildActionMask = 2147483647;
			files = (
			);
			runOnlyForDeploymentPostprocessing = 0;
		};
		1123C82A2D1BC31400A6272C /* Resources */ = {
			isa = PBXResourcesBuildPhase;
			buildActionMask = 2147483647;
			files = (
			);
			runOnlyForDeploymentPostprocessing = 0;
		};
		1123C8342D1BC31400A6272C /* Resources */ = {
			isa = PBXResourcesBuildPhase;
			buildActionMask = 2147483647;
			files = (
			);
			runOnlyForDeploymentPostprocessing = 0;
		};
/* End PBXResourcesBuildPhase section */

/* Begin PBXSourcesBuildPhase section */
		1123C80F2D1BC30A00A6272C /* Sources */ = {
			isa = PBXSourcesBuildPhase;
			buildActionMask = 2147483647;
			files = (
			);
			runOnlyForDeploymentPostprocessing = 0;
		};
		1123C8282D1BC31400A6272C /* Sources */ = {
			isa = PBXSourcesBuildPhase;
			buildActionMask = 2147483647;
			files = (
			);
			runOnlyForDeploymentPostprocessing = 0;
		};
		1123C8322D1BC31400A6272C /* Sources */ = {
			isa = PBXSourcesBuildPhase;
			buildActionMask = 2147483647;
			files = (
			);
			runOnlyForDeploymentPostprocessing = 0;
		};
/* End PBXSourcesBuildPhase section */

/* Begin PBXTargetDependency section */
		1123C82E2D1BC31400A6272C /* PBXTargetDependency */ = {
			isa = PBXTargetDependency;
			target = 1123C8122D1BC30A00A6272C /* FireToDo */;
			targetProxy = 1123C82D2D1BC31400A6272C /* PBXContainerItemProxy */;
		};
		1123C8382D1BC31400A6272C /* PBXTargetDependency */ = {
			isa = PBXTargetDependency;
			target = 1123C8122D1BC30A00A6272C /* FireToDo */;
			targetProxy = 1123C8372D1BC31400A6272C /* PBXContainerItemProxy */;
		};
/* End PBXTargetDependency section */

/* Begin XCBuildConfiguration section */
		1123C8402D1BC31400A6272C /* Debug */ = {
			isa = XCBuildConfiguration;
			buildSettings = {
				ASSETCATALOG_COMPILER_APPICON_NAME = AppIcon;
				ASSETCATALOG_COMPILER_GLOBAL_ACCENT_COLOR_NAME = AccentColor;
				CODE_SIGN_STYLE = Automatic;
				CURRENT_PROJECT_VERSION = 1;
				GENERATE_INFOPLIST_FILE = YES;
				INFOPLIST_FILE = FireToDo/Info.plist;
				INFOPLIST_KEY_UIApplicationSupportsIndirectInputEvents = YES;
				INFOPLIST_KEY_UILaunchStoryboardName = LaunchScreen;
				INFOPLIST_KEY_UIMainStoryboardFile = Main;
				INFOPLIST_KEY_UISupportedInterfaceOrientations_iPad = "UIInterfaceOrientationPortrait UIInterfaceOrientationPortraitUpsideDown UIInterfaceOrientationLandscapeLeft UIInterfaceOrientationLandscapeRight";
				INFOPLIST_KEY_UISupportedInterfaceOrientations_iPhone = "UIInterfaceOrientationPortrait UIInterfaceOrientationLandscapeLeft UIInterfaceOrientationLandscapeRight";
				LD_RUNPATH_SEARCH_PATHS = (
					"$(inherited)",
					"@executable_path/Frameworks",
				);
				MARKETING_VERSION = 1.0;
				PRODUCT_BUNDLE_IDENTIFIER = com.ct6597.FireToDo;
				PRODUCT_NAME = "$(TARGET_NAME)";
				SWIFT_EMIT_LOC_STRINGS = YES;
				SWIFT_VERSION = 5.0;
				TARGETED_DEVICE_FAMILY = "1,2";
			};
			name = Debug;
		};
		1123C8412D1BC31400A6272C /* Release */ = {
			isa = XCBuildConfiguration;
			buildSettings = {
				ASSETCATALOG_COMPILER_APPICON_NAME = AppIcon;
				ASSETCATALOG_COMPILER_GLOBAL_ACCENT_COLOR_NAME = AccentColor;
				CODE_SIGN_STYLE = Automatic;
				CURRENT_PROJECT_VERSION = 1;
				GENERATE_INFOPLIST_FILE = YES;
				INFOPLIST_FILE = FireToDo/Info.plist;
				INFOPLIST_KEY_UIApplicationSupportsIndirectInputEvents = YES;
				INFOPLIST_KEY_UILaunchStoryboardName = LaunchScreen;
				INFOPLIST_KEY_UIMainStoryboardFile = Main;
				INFOPLIST_KEY_UISupportedInterfaceOrientations_iPad = "UIInterfaceOrientationPortrait UIInterfaceOrientationPortraitUpsideDown UIInterfaceOrientationLandscapeLeft UIInterfaceOrientationLandscapeRight";
				INFOPLIST_KEY_UISupportedInterfaceOrientations_iPhone = "UIInterfaceOrientationPortrait UIInterfaceOrientationLandscapeLeft UIInterfaceOrientationLandscapeRight";
				LD_RUNPATH_SEARCH_PATHS = (
					"$(inherited)",
					"@executable_path/Frameworks",
				);
				MARKETING_VERSION = 1.0;
				PRODUCT_BUNDLE_IDENTIFIER = com.ct6597.FireToDo;
				PRODUCT_NAME = "$(TARGET_NAME)";
				SWIFT_EMIT_LOC_STRINGS = YES;
				SWIFT_VERSION = 5.0;
				TARGETED_DEVICE_FAMILY = "1,2";
			};
			name = Release;
		};
		1123C8422D1BC31400A6272C /* Debug */ = {
			isa = XCBuildConfiguration;
			buildSettings = {
				ALWAYS_SEARCH_USER_PATHS = NO;
				ASSETCATALOG_COMPILER_GENERATE_SWIFT_ASSET_SYMBOL_EXTENSIONS = YES;
				CLANG_ANALYZER_NONNULL = YES;
				CLANG_ANALYZER_NUMBER_OBJECT_CONVERSION = YES_AGGRESSIVE;
				CLANG_CXX_LANGUAGE_STANDARD = "gnu++20";
				CLANG_ENABLE_MODULES = YES;
				CLANG_ENABLE_OBJC_ARC = YES;
				CLANG_ENABLE_OBJC_WEAK = YES;
				CLANG_WARN_BLOCK_CAPTURE_AUTORELEASING = YES;
				CLANG_WARN_BOOL_CONVERSION = YES;
				CLANG_WARN_COMMA = YES;
				CLANG_WARN_CONSTANT_CONVERSION = YES;
				CLANG_WARN_DEPRECATED_OBJC_IMPLEMENTATIONS = YES;
				CLANG_WARN_DIRECT_OBJC_ISA_USAGE = YES_ERROR;
				CLANG_WARN_DOCUMENTATION_COMMENTS = YES;
				CLANG_WARN_EMPTY_BODY = YES;
				CLANG_WARN_ENUM_CONVERSION = YES;
				CLANG_WARN_INFINITE_RECURSION = YES;
				CLANG_WARN_INT_CONVERSION = YES;
				CLANG_WARN_NON_LITERAL_NULL_CONVERSION = YES;
				CLANG_WARN_OBJC_IMPLICIT_RETAIN_SELF = YES;
				CLANG_WARN_OBJC_LITERAL_CONVERSION = YES;
				CLANG_WARN_OBJC_ROOT_CLASS = YES_ERROR;
				CLANG_WARN_QUOTED_INCLUDE_IN_FRAMEWORK_HEADER = YES;
				CLANG_WARN_RANGE_LOOP_ANALYSIS = YES;
				CLANG_WARN_STRICT_PROTOTYPES = YES;
				CLANG_WARN_SUSPICIOUS_MOVE = YES;
				CLANG_WARN_UNGUARDED_AVAILABILITY = YES_AGGRESSIVE;
				CLANG_WARN_UNREACHABLE_CODE = YES;
				CLANG_WARN__DUPLICATE_METHOD_MATCH = YES;
				COPY_PHASE_STRIP = NO;
				DEBUG_INFORMATION_FORMAT = dwarf;
				ENABLE_STRICT_OBJC_MSGSEND = YES;
				ENABLE_TESTABILITY = YES;
				ENABLE_USER_SCRIPT_SANDBOXING = YES;
				GCC_C_LANGUAGE_STANDARD = gnu17;
				GCC_DYNAMIC_NO_PIC = NO;
				GCC_NO_COMMON_BLOCKS = YES;
				GCC_OPTIMIZATION_LEVEL = 0;
				GCC_PREPROCESSOR_DEFINITIONS = (
					"DEBUG=1",
					"$(inherited)",
				);
				GCC_WARN_64_TO_32_BIT_CONVERSION = YES;
				GCC_WARN_ABOUT_RETURN_TYPE = YES_ERROR;
				GCC_WARN_UNDECLARED_SELECTOR = YES;
				GCC_WARN_UNINITIALIZED_AUTOS = YES_AGGRESSIVE;
				GCC_WARN_UNUSED_FUNCTION = YES;
				GCC_WARN_UNUSED_VARIABLE = YES;
				IPHONEOS_DEPLOYMENT_TARGET = 18.1;
				LOCALIZATION_PREFERS_STRING_CATALOGS = YES;
				MTL_ENABLE_DEBUG_INFO = INCLUDE_SOURCE;
				MTL_FAST_MATH = YES;
				ONLY_ACTIVE_ARCH = YES;
				SDKROOT = iphoneos;
				SWIFT_ACTIVE_COMPILATION_CONDITIONS = "DEBUG $(inherited)";
				SWIFT_OPTIMIZATION_LEVEL = "-Onone";
			};
			name = Debug;
		};
		1123C8432D1BC31400A6272C /* Release */ = {
			isa = XCBuildConfiguration;
			buildSettings = {
				ALWAYS_SEARCH_USER_PATHS = NO;
				ASSETCATALOG_COMPILER_GENERATE_SWIFT_ASSET_SYMBOL_EXTENSIONS = YES;
				CLANG_ANALYZER_NONNULL = YES;
				CLANG_ANALYZER_NUMBER_OBJECT_CONVERSION = YES_AGGRESSIVE;
				CLANG_CXX_LANGUAGE_STANDARD = "gnu++20";
				CLANG_ENABLE_MODULES = YES;
				CLANG_ENABLE_OBJC_ARC = YES;
				CLANG_ENABLE_OBJC_WEAK = YES;
				CLANG_WARN_BLOCK_CAPTURE_AUTORELEASING = YES;
				CLANG_WARN_BOOL_CONVERSION = YES;
				CLANG_WARN_COMMA = YES;
				CLANG_WARN_CONSTANT_CONVERSION = YES;
				CLANG_WARN_DEPRECATED_OBJC_IMPLEMENTATIONS = YES;
				CLANG_WARN_DIRECT_OBJC_ISA_USAGE = YES_ERROR;
				CLANG_WARN_DOCUMENTATION_COMMENTS = YES;
				CLANG_WARN_EMPTY_BODY = YES;
				CLANG_WARN_ENUM_CONVERSION = YES;
				CLANG_WARN_INFINITE_RECURSION = YES;
				CLANG_WARN_INT_CONVERSION = YES;
				CLANG_WARN_NON_LITERAL_NULL_CONVERSION = YES;
				CLANG_WARN_OBJC_IMPLICIT_RETAIN_SELF = YES;
				CLANG_WARN_OBJC_LITERAL_CONVERSION = YES;
				CLANG_WARN_OBJC_ROOT_CLASS = YES_ERROR;
				CLANG_WARN_QUOTED_INCLUDE_IN_FRAMEWORK_HEADER = YES;
				CLANG_WARN_RANGE_LOOP_ANALYSIS = YES;
				CLANG_WARN_STRICT_PROTOTYPES = YES;
				CLANG_WARN_SUSPICIOUS_MOVE = YES;
				CLANG_WARN_UNGUARDED_AVAILABILITY = YES_AGGRESSIVE;
				CLANG_WARN_UNREACHABLE_CODE = YES;
				CLANG_WARN__DUPLICATE_METHOD_MATCH = YES;
				COPY_PHASE_STRIP = NO;
				DEBUG_INFORMATION_FORMAT = "dwarf-with-dsym";
				ENABLE_NS_ASSERTIONS = NO;
				ENABLE_STRICT_OBJC_MSGSEND = YES;
				ENABLE_USER_SCRIPT_SANDBOXING = YES;
				GCC_C_LANGUAGE_STANDARD = gnu17;
				GCC_NO_COMMON_BLOCKS = YES;
				GCC_WARN_64_TO_32_BIT_CONVERSION = YES;
				GCC_WARN_ABOUT_RETURN_TYPE = YES_ERROR;
				GCC_WARN_UNDECLARED_SELECTOR = YES;
				GCC_WARN_UNINITIALIZED_AUTOS = YES_AGGRESSIVE;
				GCC_WARN_UNUSED_FUNCTION = YES;
				GCC_WARN_UNUSED_VARIABLE = YES;
				IPHONEOS_DEPLOYMENT_TARGET = 18.1;
				LOCALIZATION_PREFERS_STRING_CATALOGS = YES;
				MTL_ENABLE_DEBUG_INFO = NO;
				MTL_FAST_MATH = YES;
				SDKROOT = iphoneos;
				SWIFT_COMPILATION_MODE = wholemodule;
				VALIDATE_PRODUCT = YES;
			};
			name = Release;
		};
		1123C8452D1BC31400A6272C /* Debug */ = {
			isa = XCBuildConfiguration;
			buildSettings = {
				BUNDLE_LOADER = "$(TEST_HOST)";
				CODE_SIGN_STYLE = Automatic;
				CURRENT_PROJECT_VERSION = 1;
				GENERATE_INFOPLIST_FILE = YES;
				IPHONEOS_DEPLOYMENT_TARGET = 18.1;
				MARKETING_VERSION = 1.0;
				PRODUCT_BUNDLE_IDENTIFIER = com.ct6597.opusexplorer.FireToDoTests;
				PRODUCT_NAME = "$(TARGET_NAME)";
				SWIFT_EMIT_LOC_STRINGS = NO;
				SWIFT_VERSION = 5.0;
				TARGETED_DEVICE_FAMILY = "1,2";
				TEST_HOST = "$(BUILT_PRODUCTS_DIR)/FireToDo.app/$(BUNDLE_EXECUTABLE_FOLDER_PATH)/FireToDo";
			};
			name = Debug;
		};
		1123C8462D1BC31400A6272C /* Release */ = {
			isa = XCBuildConfiguration;
			buildSettings = {
				BUNDLE_LOADER = "$(TEST_HOST)";
				CODE_SIGN_STYLE = Automatic;
				CURRENT_PROJECT_VERSION = 1;
				GENERATE_INFOPLIST_FILE = YES;
				IPHONEOS_DEPLOYMENT_TARGET = 18.1;
				MARKETING_VERSION = 1.0;
				PRODUCT_BUNDLE_IDENTIFIER = com.ct6597.opusexplorer.FireToDoTests;
				PRODUCT_NAME = "$(TARGET_NAME)";
				SWIFT_EMIT_LOC_STRINGS = NO;
				SWIFT_VERSION = 5.0;
				TARGETED_DEVICE_FAMILY = "1,2";
				TEST_HOST = "$(BUILT_PRODUCTS_DIR)/FireToDo.app/$(BUNDLE_EXECUTABLE_FOLDER_PATH)/FireToDo";
			};
			name = Release;
		};
		1123C8482D1BC31400A6272C /* Debug */ = {
			isa = XCBuildConfiguration;
			buildSettings = {
				CODE_SIGN_STYLE = Automatic;
				CURRENT_PROJECT_VERSION = 1;
				GENERATE_INFOPLIST_FILE = YES;
				MARKETING_VERSION = 1.0;
				PRODUCT_BUNDLE_IDENTIFIER = com.ct6597.opusexplorer.FireToDoUITests;
				PRODUCT_NAME = "$(TARGET_NAME)";
				SWIFT_EMIT_LOC_STRINGS = NO;
				SWIFT_VERSION = 5.0;
				TARGETED_DEVICE_FAMILY = "1,2";
				TEST_TARGET_NAME = FireToDo;
			};
			name = Debug;
		};
		1123C8492D1BC31400A6272C /* Release */ = {
			isa = XCBuildConfiguration;
			buildSettings = {
				CODE_SIGN_STYLE = Automatic;
				CURRENT_PROJECT_VERSION = 1;
				GENERATE_INFOPLIST_FILE = YES;
				MARKETING_VERSION = 1.0;
				PRODUCT_BUNDLE_IDENTIFIER = com.ct6597.opusexplorer.FireToDoUITests;
				PRODUCT_NAME = "$(TARGET_NAME)";
				SWIFT_EMIT_LOC_STRINGS = NO;
				SWIFT_VERSION = 5.0;
				TARGETED_DEVICE_FAMILY = "1,2";
				TEST_TARGET_NAME = FireToDo;
			};
			name = Release;
		};
/* End XCBuildConfiguration section */

/* Begin XCConfigurationList section */
		1123C80E2D1BC30A00A6272C /* Build configuration list for PBXProject "FireToDo" */ = {
			isa = XCConfigurationList;
			buildConfigurations = (
				1123C8422D1BC31400A6272C /* Debug */,
				1123C8432D1BC31400A6272C /* Release */,
			);
			defaultConfigurationIsVisible = 0;
			defaultConfigurationName = Release;
		};
		1123C83F2D1BC31400A6272C /* Build configuration list for PBXNativeTarget "FireToDo" */ = {
			isa = XCConfigurationList;
			buildConfigurations = (
				1123C8402D1BC31400A6272C /* Debug */,
				1123C8412D1BC31400A6272C /* Release */,
			);
			defaultConfigurationIsVisible = 0;
			defaultConfigurationName = Release;
		};
		1123C8442D1BC31400A6272C /* Build configuration list for PBXNativeTarget "FireToDoTests" */ = {
			isa = XCConfigurationList;
			buildConfigurations = (
				1123C8452D1BC31400A6272C /* Debug */,
				1123C8462D1BC31400A6272C /* Release */,
			);
			defaultConfigurationIsVisible = 0;
			defaultConfigurationName = Release;
		};
		1123C8472D1BC31400A6272C /* Build configuration list for PBXNativeTarget "FireToDoUITests" */ = {
			isa = XCConfigurationList;
			buildConfigurations = (
				1123C8482D1BC31400A6272C /* Debug */,
				1123C8492D1BC31400A6272C /* Release */,
			);
			defaultConfigurationIsVisible = 0;
			defaultConfigurationName = Release;
		};
/* End XCConfigurationList section */

/* Begin XCRemoteSwiftPackageReference section */
		1123C85C2D1BD28000A6272C /* XCRemoteSwiftPackageReference "firebase-ios-sdk" */ = {
			isa = XCRemoteSwiftPackageReference;
			repositoryURL = "https://github.com/firebase/firebase-ios-sdk";
			requirement = {
				kind = upToNextMajorVersion;
				minimumVersion = 11.6.0;
			};
		};
/* End XCRemoteSwiftPackageReference section */

/* Begin XCSwiftPackageProductDependency section */
		1123C85D2D1BD28000A6272C /* FirebaseAuth */ = {
			isa = XCSwiftPackageProductDependency;
			package = 1123C85C2D1BD28000A6272C /* XCRemoteSwiftPackageReference "firebase-ios-sdk" */;
			productName = FirebaseAuth;
		};
		1123C85F2D1BD28000A6272C /* FirebaseCore */ = {
			isa = XCSwiftPackageProductDependency;
			package = 1123C85C2D1BD28000A6272C /* XCRemoteSwiftPackageReference "firebase-ios-sdk" */;
			productName = FirebaseCore;
		};
		1123C8612D1BD28000A6272C /* FirebaseFirestore */ = {
			isa = XCSwiftPackageProductDependency;
			package = 1123C85C2D1BD28000A6272C /* XCRemoteSwiftPackageReference "firebase-ios-sdk" */;
			productName = FirebaseFirestore;
		};
/* End XCSwiftPackageProductDependency section */
	};
	rootObject = 1123C80B2D1BC30A00A6272C /* Project object */;
}
